{
  "version": 4,
  "terraform_version": "1.5.7",
  "serial": 19,
  "lineage": "62b79dd9-e7d9-807c-6163-32e110e1a0d2",
  "outputs": {
    "access_key": {
      "value": "YCAJEnylekYj0rfJ_pp-6kcPT",
      "type": "string",
      "sensitive": true
    },
    "secret_key": {
      "value": "YCO7dakrAYnBrJnDPdhT6w-ZYCWHYF3s2D-pNOk7",
      "type": "string",
      "sensitive": true
    }
  },
  "resources": [
    {
      "mode": "managed",
      "type": "null_resource",
      "name": "save_keys",
      "provider": "provider[\"registry.terraform.io/hashicorp/null\"]",
      "instances": [
        {
          "schema_version": 0,
          "attributes": {
            "id": "368602536999770368",
            "triggers": {
              "key": "YCAJEnylekYj0rfJ_pp-6kcPT"
            }
          },
          "sensitive_attributes": [],
          "dependencies": [
            "yandex_iam_service_account_static_access_key.sa-static-key"
          ]
        }
      ]
    },
    {
      "mode": "managed",
      "type": "yandex_iam_service_account",
      "name": "sa",
      "provider": "provider[\"registry.terraform.io/yandex-cloud/yandex\"]",
      "instances": [
        {
          "schema_version": 0,
          "attributes": {
            "created_at": "2024-01-22T04:26:32Z",
            "description": "",
            "folder_id": "b1gru725g1l9p4fb0ma4",
            "id": "ajesjg1jptq7r5sjb48s",
            "name": "sfman",
            "timeouts": null
          },
          "sensitive_attributes": [],
          "private": "eyJlMmJmYjczMC1lY2FhLTExZTYtOGY4OC0zNDM2M2JjN2M0YzAiOnsiY3JlYXRlIjo2MDAwMDAwMDAwMCwiZGVsZXRlIjo2MDAwMDAwMDAwMCwidXBkYXRlIjo2MDAwMDAwMDAwMH19"
        }
      ]
    },
    {
      "mode": "managed",
      "type": "yandex_iam_service_account_static_access_key",
      "name": "sa-static-key",
      "provider": "provider[\"registry.terraform.io/yandex-cloud/yandex\"]",
      "instances": [
        {
          "schema_version": 0,
          "attributes": {
            "access_key": "YCAJEnylekYj0rfJ_pp-6kcPT",
            "created_at": "2024-01-22T04:26:34Z",
            "description": "static access key for object storage",
            "encrypted_secret_key": null,
            "id": "ajean38ssd0vlgkbb3pr",
            "key_fingerprint": null,
            "pgp_key": null,
            "secret_key": "YCO7dakrAYnBrJnDPdhT6w-ZYCWHYF3s2D-pNOk7",
            "service_account_id": "ajesjg1jptq7r5sjb48s"
          },
          "sensitive_attributes": [],
          "private": "bnVsbA==",
          "dependencies": [
            "yandex_iam_service_account.sa"
          ]
        }
      ]
    },
    {
      "mode": "managed",
      "type": "yandex_resourcemanager_folder_iam_member",
      "name": "sa-editor",
      "provider": "provider[\"registry.terraform.io/yandex-cloud/yandex\"]",
      "instances": [
        {
          "schema_version": 0,
          "attributes": {
            "folder_id": "b1gru725g1l9p4fb0ma4",
            "id": "b1gru725g1l9p4fb0ma4/storage.editor/serviceAccount:ajesjg1jptq7r5sjb48s",
            "member": "serviceAccount:ajesjg1jptq7r5sjb48s",
            "role": "storage.editor",
            "sleep_after": null,
            "timeouts": null
          },
          "sensitive_attributes": [],
          "private": "eyJlMmJmYjczMC1lY2FhLTExZTYtOGY4OC0zNDM2M2JjN2M0YzAiOnsiY3JlYXRlIjo2MDAwMDAwMDAwMCwiZGVmYXVsdCI6NjAwMDAwMDAwMDAsImRlbGV0ZSI6NjAwMDAwMDAwMDAsInJlYWQiOjYwMDAwMDAwMDAwLCJ1cGRhdGUiOjYwMDAwMDAwMDAwfX0=",
          "dependencies": [
            "yandex_iam_service_account.sa"
          ]
        }
      ]
    },
    {
      "mode": "managed",
      "type": "yandex_storage_bucket",
      "name": "state",
      "provider": "provider[\"registry.terraform.io/yandex-cloud/yandex\"]",
      "instances": [
        {
          "schema_version": 0,
          "attributes": {
            "access_key": "YCAJEnylekYj0rfJ_pp-6kcPT",
            "acl": null,
            "anonymous_access_flags": [
              {
                "config_read": false,
                "list": false,
                "read": false
              }
            ],
            "bucket": "bucket-for-tf-state",
            "bucket_domain_name": "bucket-for-tf-state.storage.yandexcloud.net",
            "bucket_prefix": null,
            "cors_rule": [],
            "default_storage_class": "STANDARD",
            "folder_id": "b1gru725g1l9p4fb0ma4",
            "force_destroy": false,
            "grant": [],
            "https": [],
            "id": "bucket-for-tf-state",
            "lifecycle_rule": [],
            "logging": [],
            "max_size": 0,
            "object_lock_configuration": [],
            "policy": "",
            "secret_key": "YCO7dakrAYnBrJnDPdhT6w-ZYCWHYF3s2D-pNOk7",
            "server_side_encryption_configuration": [],
            "tags": {},
            "versioning": [
              {
                "enabled": false
              }
            ],
            "website": [],
            "website_domain": null,
            "website_endpoint": null
          },
          "sensitive_attributes": [
            [
              {
                "type": "get_attr",
                "value": "secret_key"
              }
            ]
          ],
          "private": "bnVsbA==",
          "dependencies": [
            "yandex_iam_service_account.sa",
            "yandex_iam_service_account_static_access_key.sa-static-key"
          ]
        }
      ]
    }
  ],
  "check_results": null
}
