{
  "version": 4,
  "terraform_version": "1.5.7",
  "serial": 4,
  "lineage": "79785b71-1b40-d981-f96a-26f9e3b8987c",
  "outputs": {
    "external_ip_address_vm1": {
      "value": "158.160.34.133",
      "type": "string"
    },
    "internal_ip_address_vm1": {
      "value": "10.2.0.9",
      "type": "string"
    }
  },
  "resources": [
    {
      "mode": "data",
      "type": "yandex_compute_image",
      "name": "my_image",
      "provider": "provider[\"registry.terraform.io/yandex-cloud/yandex\"]",
      "instances": [
        {
          "schema_version": 0,
          "attributes": {
            "created_at": "2024-01-08T10:56:15Z",
            "description": "LEMP",
            "family": "lemp",
            "folder_id": "standard-images",
            "id": "fd8tc54j7jvoi2mgqpdt",
            "image_id": "fd8tc54j7jvoi2mgqpdt",
            "labels": {},
            "min_disk_size": 3,
            "name": "lemp-v20240108",
            "os_type": "linux",
            "pooled": true,
            "product_ids": [
              "f2e05kth5rhesabcer8s",
              "f2ehi11lmq7cfcb9utpn"
            ],
            "size": 2,
            "status": "ready"
          },
          "sensitive_attributes": []
        }
      ]
    },
    {
      "mode": "managed",
      "type": "yandex_compute_instance",
      "name": "vm-1",
      "provider": "provider[\"registry.terraform.io/yandex-cloud/yandex\"]",
      "instances": [
        {
          "schema_version": 1,
          "attributes": {
            "allow_recreate": null,
            "allow_stopping_for_update": null,
            "boot_disk": [
              {
                "auto_delete": true,
                "device_name": "fhm5rku0tsoeo95d2vu6",
                "disk_id": "fhm5rku0tsoeo95d2vu6",
                "initialize_params": [
                  {
                    "block_size": 4096,
                    "description": "",
                    "image_id": "fd8tc54j7jvoi2mgqpdt",
                    "name": "",
                    "size": 3,
                    "snapshot_id": "",
                    "type": "network-hdd"
                  }
                ],
                "mode": "READ_WRITE"
              }
            ],
            "created_at": "2024-01-22T03:29:36Z",
            "description": "",
            "filesystem": [],
            "folder_id": "b1grknfubsv8vul1i8j4",
            "fqdn": "fhm5vdqcval8no4s2q6d.auto.internal",
            "gpu_cluster_id": "",
            "hostname": "",
            "id": "fhm5vdqcval8no4s2q6d",
            "labels": null,
            "local_disk": [],
            "maintenance_grace_period": "",
            "maintenance_policy": null,
            "metadata": {
              "ssh-keys": "ubuntu:ssh-rsa AAAAB3NzaC1yc2EAAAADAQABAAABgQC5GiL5r0+uFpPNfY3Prmo0fM9LNX1ioEpFzrAEtnWMx5mJdNBp/FVhoG3vvYqJegSvtj9A2Jj5q0KZDQGlEfw0GfM2MrvZuTIdetZgW0gvr4dDYNZx+Jh97df1QVeH2cPhOAIYhVpvLng+5Jys5jW4+2GLaNLMvwI5l5Mh/cGCk9SqUlGUlP2ZNGvxAlPNpw09PmnFeJGLUtKu+YOu+uEhzxlMys4AgnaQtpX2Pl3Pd9DMSUNWsCc/by7S/6hWWxoJMOpOWCwIn4gLd4KTe9inr3wTYCUMAjuWtPsLfLG2oh8KTgSrV4YshP5HxwdTWEb8G13HbLxeFLl3SC3RxrCfzakelcEU0zcHi7AwJeE1xFAH7r6wLgV5p9ZrEhRj29ueaYP7Qujso2jEL5srfYCBIHQ5QDzkcRllGcOq0VaEkrNJB3X2nznF3K9+EszGMcE/nBkDHhy3jjiN6IjfZqGGOmME5h22qPha9/OjzYJ/lLlH4h4gZQyJW6tBaEc9a40= sennin@MacBook-Pro\n"
            },
            "metadata_options": [
              {
                "aws_v1_http_endpoint": 1,
                "aws_v1_http_token": 2,
                "gce_http_endpoint": 1,
                "gce_http_token": 1
              }
            ],
            "name": "",
            "network_acceleration_type": "standard",
            "network_interface": [
              {
                "dns_record": [],
                "index": 0,
                "ip_address": "10.2.0.9",
                "ipv4": true,
                "ipv6": false,
                "ipv6_address": "",
                "ipv6_dns_record": [],
                "mac_address": "d0:0d:5f:b7:4c:fa",
                "nat": true,
                "nat_dns_record": [],
                "nat_ip_address": "158.160.34.133",
                "nat_ip_version": "IPV4",
                "security_group_ids": [],
                "subnet_id": "e9b588hu8hm7c73g4e9i"
              }
            ],
            "placement_policy": [
              {
                "host_affinity_rules": [],
                "placement_group_id": ""
              }
            ],
            "platform_id": "standard-v1",
            "resources": [
              {
                "core_fraction": 100,
                "cores": 2,
                "gpus": 0,
                "memory": 2
              }
            ],
            "scheduling_policy": [
              {
                "preemptible": false
              }
            ],
            "secondary_disk": [],
            "service_account_id": "",
            "status": "running",
            "timeouts": null,
            "zone": "ru-central1-a"
          },
          "sensitive_attributes": [],
          "private": "eyJlMmJmYjczMC1lY2FhLTExZTYtOGY4OC0zNDM2M2JjN2M0YzAiOnsiY3JlYXRlIjozMDAwMDAwMDAwMDAsImRlbGV0ZSI6MzAwMDAwMDAwMDAwLCJ1cGRhdGUiOjMwMDAwMDAwMDAwMH0sInNjaGVtYV92ZXJzaW9uIjoiMSJ9",
          "dependencies": [
            "data.yandex_compute_image.my_image",
            "yandex_vpc_network.testnet",
            "yandex_vpc_subnet.testsubnet"
          ]
        }
      ]
    },
    {
      "mode": "managed",
      "type": "yandex_vpc_network",
      "name": "testnet",
      "provider": "provider[\"registry.terraform.io/yandex-cloud/yandex\"]",
      "instances": [
        {
          "schema_version": 0,
          "attributes": {
            "created_at": "2024-01-22T03:29:33Z",
            "default_security_group_id": "enpibgejuaksajg52asq",
            "description": "",
            "folder_id": "b1grknfubsv8vul1i8j4",
            "id": "enp38grk42fmst7hblr8",
            "labels": {},
            "name": "",
            "subnet_ids": [],
            "timeouts": null
          },
          "sensitive_attributes": [],
          "private": "eyJlMmJmYjczMC1lY2FhLTExZTYtOGY4OC0zNDM2M2JjN2M0YzAiOnsiY3JlYXRlIjo2MDAwMDAwMDAwMCwiZGVsZXRlIjo2MDAwMDAwMDAwMCwidXBkYXRlIjo2MDAwMDAwMDAwMH19"
        }
      ]
    },
    {
      "mode": "managed",
      "type": "yandex_vpc_subnet",
      "name": "testsubnet",
      "provider": "provider[\"registry.terraform.io/yandex-cloud/yandex\"]",
      "instances": [
        {
          "schema_version": 0,
          "attributes": {
            "created_at": "2024-01-22T03:29:35Z",
            "description": "",
            "dhcp_options": [],
            "folder_id": "b1grknfubsv8vul1i8j4",
            "id": "e9b588hu8hm7c73g4e9i",
            "labels": {},
            "name": "",
            "network_id": "enp38grk42fmst7hblr8",
            "route_table_id": "",
            "timeouts": null,
            "v4_cidr_blocks": [
              "10.2.0.0/16"
            ],
            "v6_cidr_blocks": [],
            "zone": "ru-central1-a"
          },
          "sensitive_attributes": [],
          "private": "eyJlMmJmYjczMC1lY2FhLTExZTYtOGY4OC0zNDM2M2JjN2M0YzAiOnsiY3JlYXRlIjoxODAwMDAwMDAwMDAsImRlbGV0ZSI6MTgwMDAwMDAwMDAwLCJ1cGRhdGUiOjE4MDAwMDAwMDAwMH19",
          "dependencies": [
            "yandex_vpc_network.testnet"
          ]
        }
      ]
    }
  ],
  "check_results": null
}
