{
  "version": 4,
  "terraform_version": "1.5.7",
  "serial": 48,
  "lineage": "79785b71-1b40-d981-f96a-26f9e3b8987c",
  "outputs": {
    "balancer_ip": {
      "value": "158.160.128.43",
      "type": "string"
    },
    "external_ip_address_vm1": {
      "value": "158.160.102.211",
      "type": "string"
    },
    "external_ip_address_vm2": {
      "value": "158.160.16.112",
      "type": "string"
    },
    "internal_ip_address_vm1": {
      "value": "10.2.0.20",
      "type": "string"
    },
    "internal_ip_address_vm2": {
      "value": "10.3.0.6",
      "type": "string"
    }
  },
  "resources": [
    {
      "mode": "managed",
      "type": "yandex_alb_backend_group",
      "name": "back_group",
      "provider": "provider[\"registry.terraform.io/yandex-cloud/yandex\"]",
      "instances": [
        {
          "schema_version": 0,
          "attributes": {
            "created_at": "2024-01-22T09:34:14Z",
            "description": "",
            "folder_id": "b1grknfubsv8vul1i8j4",
            "grpc_backend": [],
            "http_backend": [
              {
                "healthcheck": [
                  {
                    "grpc_healthcheck": [],
                    "healthcheck_port": 0,
                    "healthy_threshold": 10,
                    "http_healthcheck": [
                      {
                        "host": "",
                        "http2": false,
                        "path": "/"
                      }
                    ],
                    "interval": "2s",
                    "interval_jitter_percent": 0,
                    "stream_healthcheck": [],
                    "timeout": "10s",
                    "unhealthy_threshold": 15
                  }
                ],
                "http2": false,
                "load_balancing_config": [
                  {
                    "locality_aware_routing_percent": 0,
                    "mode": "ROUND_ROBIN",
                    "panic_threshold": 90,
                    "strict_locality": false
                  }
                ],
                "name": "tfback",
                "port": 80,
                "storage_bucket": "",
                "target_group_ids": [
                  "ds7i30i6tk0hlvu3sf8u",
                  "ds7uh1uthhdle7j3uiit"
                ],
                "tls": [],
                "weight": 1
              }
            ],
            "id": "ds7gdq0o4tjikbnrp5n0",
            "labels": {},
            "name": "backgroup",
            "session_affinity": [],
            "stream_backend": [],
            "timeouts": null
          },
          "sensitive_attributes": [],
          "private": "eyJlMmJmYjczMC1lY2FhLTExZTYtOGY4OC0zNDM2M2JjN2M0YzAiOnsiY3JlYXRlIjozMDAwMDAwMDAwMDAsImRlbGV0ZSI6MzAwMDAwMDAwMDAwLCJ1cGRhdGUiOjMwMDAwMDAwMDAwMH19",
          "dependencies": [
            "module.ya_inst_1.data.yandex_compute_image.my_image",
            "module.ya_inst_1.yandex_compute_instance.vm",
            "module.ya_inst_2.data.yandex_compute_image.my_image",
            "module.ya_inst_2.yandex_compute_instance.vm",
            "yandex_alb_target_group.lamp",
            "yandex_alb_target_group.lemp",
            "yandex_vpc_network.testnet",
            "yandex_vpc_subnet.testsubnet1",
            "yandex_vpc_subnet.testsubnet2"
          ]
        }
      ]
    },
    {
      "mode": "managed",
      "type": "yandex_alb_http_router",
      "name": "tf-router",
      "provider": "provider[\"registry.terraform.io/yandex-cloud/yandex\"]",
      "instances": [
        {
          "schema_version": 0,
          "attributes": {
            "created_at": "2024-01-22T09:24:35Z",
            "description": "",
            "folder_id": "b1grknfubsv8vul1i8j4",
            "id": "ds746hicic8q6mvc5lkt",
            "labels": {},
            "name": "tf-router",
            "route_options": [],
            "timeouts": null
          },
          "sensitive_attributes": [],
          "private": "eyJlMmJmYjczMC1lY2FhLTExZTYtOGY4OC0zNDM2M2JjN2M0YzAiOnsiY3JlYXRlIjozMDAwMDAwMDAwMDAsImRlbGV0ZSI6MzAwMDAwMDAwMDAwLCJ1cGRhdGUiOjMwMDAwMDAwMDAwMH19"
        }
      ]
    },
    {
      "mode": "managed",
      "type": "yandex_alb_load_balancer",
      "name": "tf-alb",
      "provider": "provider[\"registry.terraform.io/yandex-cloud/yandex\"]",
      "instances": [
        {
          "schema_version": 0,
          "attributes": {
            "allocation_policy": [
              {
                "location": [
                  {
                    "disable_traffic": false,
                    "subnet_id": "e9bfkkg2hla1e0viboac",
                    "zone_id": "ru-central1-a"
                  }
                ]
              }
            ],
            "created_at": "2024-01-22T09:24:38Z",
            "description": "",
            "folder_id": "b1grknfubsv8vul1i8j4",
            "id": "ds77adnp1oahqhdi0kfm",
            "labels": {},
            "listener": [
              {
                "endpoint": [
                  {
                    "address": [
                      {
                        "external_ipv4_address": [
                          {
                            "address": "158.160.128.43"
                          }
                        ],
                        "external_ipv6_address": [],
                        "internal_ipv4_address": []
                      }
                    ],
                    "ports": [
                      80
                    ]
                  }
                ],
                "http": [
                  {
                    "handler": [
                      {
                        "allow_http10": false,
                        "http2_options": [],
                        "http_router_id": "ds746hicic8q6mvc5lkt",
                        "rewrite_request_id": false
                      }
                    ],
                    "redirects": []
                  }
                ],
                "name": "tf-listener",
                "stream": [],
                "tls": []
              }
            ],
            "log_group_id": "",
            "log_options": [],
            "name": "tf-alb",
            "network_id": "enpph2hn2tjo9fbqvq80",
            "region_id": "",
            "security_group_ids": [],
            "status": "active",
            "timeouts": null
          },
          "sensitive_attributes": [],
          "private": "eyJlMmJmYjczMC1lY2FhLTExZTYtOGY4OC0zNDM2M2JjN2M0YzAiOnsiY3JlYXRlIjo2MDAwMDAwMDAwMDAsImRlbGV0ZSI6NjAwMDAwMDAwMDAwLCJ1cGRhdGUiOjYwMDAwMDAwMDAwMH19",
          "dependencies": [
            "yandex_alb_http_router.tf-router",
            "yandex_vpc_network.testnet",
            "yandex_vpc_subnet.testsubnet1"
          ]
        }
      ]
    },
    {
      "mode": "managed",
      "type": "yandex_alb_target_group",
      "name": "lamp",
      "provider": "provider[\"registry.terraform.io/yandex-cloud/yandex\"]",
      "instances": [
        {
          "schema_version": 0,
          "attributes": {
            "created_at": "2024-01-22T09:25:44Z",
            "description": "",
            "folder_id": "b1grknfubsv8vul1i8j4",
            "id": "ds7i30i6tk0hlvu3sf8u",
            "labels": {},
            "name": "lamp",
            "target": [
              {
                "ip_address": "10.3.0.6",
                "private_ipv4_address": false,
                "subnet_id": "e2let0cjgm9gmt7raeq0"
              }
            ],
            "timeouts": null
          },
          "sensitive_attributes": [],
          "private": "eyJlMmJmYjczMC1lY2FhLTExZTYtOGY4OC0zNDM2M2JjN2M0YzAiOnsiY3JlYXRlIjozMDAwMDAwMDAwMDAsImRlbGV0ZSI6MzAwMDAwMDAwMDAwLCJ1cGRhdGUiOjMwMDAwMDAwMDAwMH19",
          "dependencies": [
            "module.ya_inst_2.data.yandex_compute_image.my_image",
            "module.ya_inst_2.yandex_compute_instance.vm",
            "yandex_vpc_network.testnet",
            "yandex_vpc_subnet.testsubnet2"
          ]
        }
      ]
    },
    {
      "mode": "managed",
      "type": "yandex_alb_target_group",
      "name": "lemp",
      "provider": "provider[\"registry.terraform.io/yandex-cloud/yandex\"]",
      "instances": [
        {
          "schema_version": 0,
          "attributes": {
            "created_at": "2024-01-22T09:25:24Z",
            "description": "",
            "folder_id": "b1grknfubsv8vul1i8j4",
            "id": "ds7uh1uthhdle7j3uiit",
            "labels": {},
            "name": "lemp",
            "target": [
              {
                "ip_address": "10.2.0.20",
                "private_ipv4_address": false,
                "subnet_id": "e9bfkkg2hla1e0viboac"
              }
            ],
            "timeouts": null
          },
          "sensitive_attributes": [],
          "private": "eyJlMmJmYjczMC1lY2FhLTExZTYtOGY4OC0zNDM2M2JjN2M0YzAiOnsiY3JlYXRlIjozMDAwMDAwMDAwMDAsImRlbGV0ZSI6MzAwMDAwMDAwMDAwLCJ1cGRhdGUiOjMwMDAwMDAwMDAwMH19",
          "dependencies": [
            "module.ya_inst_1.data.yandex_compute_image.my_image",
            "module.ya_inst_1.yandex_compute_instance.vm",
            "yandex_vpc_network.testnet",
            "yandex_vpc_subnet.testsubnet1"
          ]
        }
      ]
    },
    {
      "mode": "managed",
      "type": "yandex_alb_virtual_host",
      "name": "vh",
      "provider": "provider[\"registry.terraform.io/yandex-cloud/yandex\"]",
      "instances": [
        {
          "schema_version": 0,
          "attributes": {
            "authority": [],
            "http_router_id": "ds746hicic8q6mvc5lkt",
            "id": "ds746hicic8q6mvc5lkt/tfvh",
            "modify_request_headers": [],
            "modify_response_headers": [],
            "name": "tfvh",
            "route": [
              {
                "grpc_route": [],
                "http_route": [
                  {
                    "direct_response_action": [],
                    "http_match": [],
                    "http_route_action": [
                      {
                        "auto_host_rewrite": false,
                        "backend_group_id": "ds7gdq0o4tjikbnrp5n0",
                        "host_rewrite": "",
                        "idle_timeout": "",
                        "prefix_rewrite": "",
                        "timeout": "1m0s",
                        "upgrade_types": []
                      }
                    ],
                    "redirect_action": []
                  }
                ],
                "name": "route",
                "route_options": []
              }
            ],
            "route_options": [],
            "timeouts": null
          },
          "sensitive_attributes": [],
          "private": "eyJlMmJmYjczMC1lY2FhLTExZTYtOGY4OC0zNDM2M2JjN2M0YzAiOnsiY3JlYXRlIjozMDAwMDAwMDAwMDAsImRlbGV0ZSI6MzAwMDAwMDAwMDAwLCJ1cGRhdGUiOjMwMDAwMDAwMDAwMH19",
          "dependencies": [
            "module.ya_inst_1.data.yandex_compute_image.my_image",
            "module.ya_inst_1.yandex_compute_instance.vm",
            "module.ya_inst_2.data.yandex_compute_image.my_image",
            "module.ya_inst_2.yandex_compute_instance.vm",
            "yandex_alb_backend_group.back_group",
            "yandex_alb_http_router.tf-router",
            "yandex_alb_target_group.lamp",
            "yandex_alb_target_group.lemp",
            "yandex_vpc_network.testnet",
            "yandex_vpc_subnet.testsubnet1",
            "yandex_vpc_subnet.testsubnet2"
          ]
        }
      ]
    },
    {
      "mode": "managed",
      "type": "yandex_vpc_network",
      "name": "testnet",
      "provider": "provider[\"registry.terraform.io/yandex-cloud/yandex\"]",
      "instances": [
        {
          "schema_version": 0,
          "attributes": {
            "created_at": "2024-01-22T09:24:35Z",
            "default_security_group_id": "enpf9ojebs222723opd9",
            "description": "",
            "folder_id": "b1grknfubsv8vul1i8j4",
            "id": "enpph2hn2tjo9fbqvq80",
            "labels": {},
            "name": "",
            "subnet_ids": [
              "e2let0cjgm9gmt7raeq0",
              "e9bfkkg2hla1e0viboac"
            ],
            "timeouts": null
          },
          "sensitive_attributes": [],
          "private": "eyJlMmJmYjczMC1lY2FhLTExZTYtOGY4OC0zNDM2M2JjN2M0YzAiOnsiY3JlYXRlIjo2MDAwMDAwMDAwMCwiZGVsZXRlIjo2MDAwMDAwMDAwMCwidXBkYXRlIjo2MDAwMDAwMDAwMH19"
        }
      ]
    },
    {
      "mode": "managed",
      "type": "yandex_vpc_subnet",
      "name": "testsubnet1",
      "provider": "provider[\"registry.terraform.io/yandex-cloud/yandex\"]",
      "instances": [
        {
          "schema_version": 0,
          "attributes": {
            "created_at": "2024-01-22T09:24:38Z",
            "description": "",
            "dhcp_options": [],
            "folder_id": "b1grknfubsv8vul1i8j4",
            "id": "e9bfkkg2hla1e0viboac",
            "labels": {},
            "name": "",
            "network_id": "enpph2hn2tjo9fbqvq80",
            "route_table_id": "",
            "timeouts": null,
            "v4_cidr_blocks": [
              "10.2.0.0/16"
            ],
            "v6_cidr_blocks": [],
            "zone": "ru-central1-a"
          },
          "sensitive_attributes": [],
          "private": "eyJlMmJmYjczMC1lY2FhLTExZTYtOGY4OC0zNDM2M2JjN2M0YzAiOnsiY3JlYXRlIjoxODAwMDAwMDAwMDAsImRlbGV0ZSI6MTgwMDAwMDAwMDAwLCJ1cGRhdGUiOjE4MDAwMDAwMDAwMH19",
          "dependencies": [
            "yandex_vpc_network.testnet"
          ]
        }
      ]
    },
    {
      "mode": "managed",
      "type": "yandex_vpc_subnet",
      "name": "testsubnet2",
      "provider": "provider[\"registry.terraform.io/yandex-cloud/yandex\"]",
      "instances": [
        {
          "schema_version": 0,
          "attributes": {
            "created_at": "2024-01-22T09:24:38Z",
            "description": "",
            "dhcp_options": [],
            "folder_id": "b1grknfubsv8vul1i8j4",
            "id": "e2let0cjgm9gmt7raeq0",
            "labels": {},
            "name": "",
            "network_id": "enpph2hn2tjo9fbqvq80",
            "route_table_id": "",
            "timeouts": null,
            "v4_cidr_blocks": [
              "10.3.0.0/16"
            ],
            "v6_cidr_blocks": [],
            "zone": "ru-central1-b"
          },
          "sensitive_attributes": [],
          "private": "eyJlMmJmYjczMC1lY2FhLTExZTYtOGY4OC0zNDM2M2JjN2M0YzAiOnsiY3JlYXRlIjoxODAwMDAwMDAwMDAsImRlbGV0ZSI6MTgwMDAwMDAwMDAwLCJ1cGRhdGUiOjE4MDAwMDAwMDAwMH19",
          "dependencies": [
            "yandex_vpc_network.testnet"
          ]
        }
      ]
    },
    {
      "module": "module.ya_inst_1",
      "mode": "data",
      "type": "yandex_compute_image",
      "name": "my_image",
      "provider": "provider[\"registry.terraform.io/yandex-cloud/yandex\"]",
      "instances": [
        {
          "schema_version": 0,
          "attributes": {
            "created_at": "2024-01-08T10:56:15Z",
            "description": "LEMP",
            "family": "lemp",
            "folder_id": "standard-images",
            "id": "fd8tc54j7jvoi2mgqpdt",
            "image_id": "fd8tc54j7jvoi2mgqpdt",
            "labels": {},
            "min_disk_size": 3,
            "name": "lemp-v20240108",
            "os_type": "linux",
            "pooled": true,
            "product_ids": [
              "f2e05kth5rhesabcer8s",
              "f2ehi11lmq7cfcb9utpn"
            ],
            "size": 2,
            "status": "ready"
          },
          "sensitive_attributes": []
        }
      ]
    },
    {
      "module": "module.ya_inst_1",
      "mode": "managed",
      "type": "yandex_compute_instance",
      "name": "vm",
      "provider": "provider[\"registry.terraform.io/yandex-cloud/yandex\"]",
      "instances": [
        {
          "schema_version": 1,
          "attributes": {
            "allow_recreate": null,
            "allow_stopping_for_update": true,
            "boot_disk": [
              {
                "auto_delete": true,
                "device_name": "fhmnsaqq5bjdu5qtavdl",
                "disk_id": "fhmnsaqq5bjdu5qtavdl",
                "initialize_params": [
                  {
                    "block_size": 4096,
                    "description": "",
                    "image_id": "fd8tc54j7jvoi2mgqpdt",
                    "name": "",
                    "size": 3,
                    "snapshot_id": "",
                    "type": "network-hdd"
                  }
                ],
                "mode": "READ_WRITE"
              }
            ],
            "created_at": "2024-01-22T09:24:39Z",
            "description": "",
            "filesystem": [],
            "folder_id": "b1grknfubsv8vul1i8j4",
            "fqdn": "fhm6rpmc0r1tl9dcqcol.auto.internal",
            "gpu_cluster_id": "",
            "hostname": "",
            "id": "fhm6rpmc0r1tl9dcqcol",
            "labels": {},
            "local_disk": [],
            "maintenance_grace_period": "",
            "maintenance_policy": null,
            "metadata": {
              "ssh-keys": "ubuntu:ssh-rsa AAAAB3NzaC1yc2EAAAADAQABAAABgQC5GiL5r0+uFpPNfY3Prmo0fM9LNX1ioEpFzrAEtnWMx5mJdNBp/FVhoG3vvYqJegSvtj9A2Jj5q0KZDQGlEfw0GfM2MrvZuTIdetZgW0gvr4dDYNZx+Jh97df1QVeH2cPhOAIYhVpvLng+5Jys5jW4+2GLaNLMvwI5l5Mh/cGCk9SqUlGUlP2ZNGvxAlPNpw09PmnFeJGLUtKu+YOu+uEhzxlMys4AgnaQtpX2Pl3Pd9DMSUNWsCc/by7S/6hWWxoJMOpOWCwIn4gLd4KTe9inr3wTYCUMAjuWtPsLfLG2oh8KTgSrV4YshP5HxwdTWEb8G13HbLxeFLl3SC3RxrCfzakelcEU0zcHi7AwJeE1xFAH7r6wLgV5p9ZrEhRj29ueaYP7Qujso2jEL5srfYCBIHQ5QDzkcRllGcOq0VaEkrNJB3X2nznF3K9+EszGMcE/nBkDHhy3jjiN6IjfZqGGOmME5h22qPha9/OjzYJ/lLlH4h4gZQyJW6tBaEc9a40= sennin@MacBook-Pro\n"
            },
            "metadata_options": [
              {
                "aws_v1_http_endpoint": 1,
                "aws_v1_http_token": 2,
                "gce_http_endpoint": 1,
                "gce_http_token": 1
              }
            ],
            "name": "terraform-lemp",
            "network_acceleration_type": "standard",
            "network_interface": [
              {
                "dns_record": [],
                "index": 0,
                "ip_address": "10.2.0.20",
                "ipv4": true,
                "ipv6": false,
                "ipv6_address": "",
                "ipv6_dns_record": [],
                "mac_address": "d0:0d:6d:e6:cc:06",
                "nat": true,
                "nat_dns_record": [],
                "nat_ip_address": "158.160.102.211",
                "nat_ip_version": "IPV4",
                "security_group_ids": [],
                "subnet_id": "e9bfkkg2hla1e0viboac"
              }
            ],
            "placement_policy": [
              {
                "host_affinity_rules": [],
                "placement_group_id": ""
              }
            ],
            "platform_id": "standard-v1",
            "resources": [
              {
                "core_fraction": 20,
                "cores": 2,
                "gpus": 0,
                "memory": 1
              }
            ],
            "scheduling_policy": [
              {
                "preemptible": true
              }
            ],
            "secondary_disk": [],
            "service_account_id": "",
            "status": "running",
            "timeouts": null,
            "zone": "ru-central1-a"
          },
          "sensitive_attributes": [],
          "private": "eyJlMmJmYjczMC1lY2FhLTExZTYtOGY4OC0zNDM2M2JjN2M0YzAiOnsiY3JlYXRlIjozMDAwMDAwMDAwMDAsImRlbGV0ZSI6MzAwMDAwMDAwMDAwLCJ1cGRhdGUiOjMwMDAwMDAwMDAwMH0sInNjaGVtYV92ZXJzaW9uIjoiMSJ9",
          "dependencies": [
            "module.ya_inst_1.data.yandex_compute_image.my_image",
            "yandex_vpc_network.testnet",
            "yandex_vpc_subnet.testsubnet1"
          ]
        }
      ]
    },
    {
      "module": "module.ya_inst_2",
      "mode": "data",
      "type": "yandex_compute_image",
      "name": "my_image",
      "provider": "provider[\"registry.terraform.io/yandex-cloud/yandex\"]",
      "instances": [
        {
          "schema_version": 0,
          "attributes": {
            "created_at": "2024-01-15T10:56:13Z",
            "description": "LAMP",
            "family": "lamp",
            "folder_id": "standard-images",
            "id": "fd8dkp3a4k3fqdnivst7",
            "image_id": "fd8dkp3a4k3fqdnivst7",
            "labels": {},
            "min_disk_size": 3,
            "name": "lamp-v20240115",
            "os_type": "linux",
            "pooled": true,
            "product_ids": [
              "f2e03im9vsmt89fogfrr",
              "f2eiticvmib23gk4ao5l"
            ],
            "size": 2,
            "status": "ready"
          },
          "sensitive_attributes": []
        }
      ]
    },
    {
      "module": "module.ya_inst_2",
      "mode": "managed",
      "type": "yandex_compute_instance",
      "name": "vm",
      "provider": "provider[\"registry.terraform.io/yandex-cloud/yandex\"]",
      "instances": [
        {
          "schema_version": 1,
          "attributes": {
            "allow_recreate": null,
            "allow_stopping_for_update": true,
            "boot_disk": [
              {
                "auto_delete": true,
                "device_name": "epduitqose4b3hud3jfd",
                "disk_id": "epduitqose4b3hud3jfd",
                "initialize_params": [
                  {
                    "block_size": 4096,
                    "description": "",
                    "image_id": "fd8dkp3a4k3fqdnivst7",
                    "name": "",
                    "size": 3,
                    "snapshot_id": "",
                    "type": "network-hdd"
                  }
                ],
                "mode": "READ_WRITE"
              }
            ],
            "created_at": "2024-01-22T09:24:39Z",
            "description": "",
            "filesystem": [],
            "folder_id": "b1grknfubsv8vul1i8j4",
            "fqdn": "epd3rhal1gmsnrianan4.auto.internal",
            "gpu_cluster_id": "",
            "hostname": "",
            "id": "epd3rhal1gmsnrianan4",
            "labels": {},
            "local_disk": [],
            "maintenance_grace_period": "",
            "maintenance_policy": null,
            "metadata": {
              "ssh-keys": "ubuntu:ssh-rsa AAAAB3NzaC1yc2EAAAADAQABAAABgQC5GiL5r0+uFpPNfY3Prmo0fM9LNX1ioEpFzrAEtnWMx5mJdNBp/FVhoG3vvYqJegSvtj9A2Jj5q0KZDQGlEfw0GfM2MrvZuTIdetZgW0gvr4dDYNZx+Jh97df1QVeH2cPhOAIYhVpvLng+5Jys5jW4+2GLaNLMvwI5l5Mh/cGCk9SqUlGUlP2ZNGvxAlPNpw09PmnFeJGLUtKu+YOu+uEhzxlMys4AgnaQtpX2Pl3Pd9DMSUNWsCc/by7S/6hWWxoJMOpOWCwIn4gLd4KTe9inr3wTYCUMAjuWtPsLfLG2oh8KTgSrV4YshP5HxwdTWEb8G13HbLxeFLl3SC3RxrCfzakelcEU0zcHi7AwJeE1xFAH7r6wLgV5p9ZrEhRj29ueaYP7Qujso2jEL5srfYCBIHQ5QDzkcRllGcOq0VaEkrNJB3X2nznF3K9+EszGMcE/nBkDHhy3jjiN6IjfZqGGOmME5h22qPha9/OjzYJ/lLlH4h4gZQyJW6tBaEc9a40= sennin@MacBook-Pro\n"
            },
            "metadata_options": [
              {
                "aws_v1_http_endpoint": 1,
                "aws_v1_http_token": 2,
                "gce_http_endpoint": 1,
                "gce_http_token": 1
              }
            ],
            "name": "terraform-lamp",
            "network_acceleration_type": "standard",
            "network_interface": [
              {
                "dns_record": [],
                "index": 0,
                "ip_address": "10.3.0.6",
                "ipv4": true,
                "ipv6": false,
                "ipv6_address": "",
                "ipv6_dns_record": [],
                "mac_address": "d0:0d:3d:c5:55:0c",
                "nat": true,
                "nat_dns_record": [],
                "nat_ip_address": "158.160.16.112",
                "nat_ip_version": "IPV4",
                "security_group_ids": [],
                "subnet_id": "e2let0cjgm9gmt7raeq0"
              }
            ],
            "placement_policy": [
              {
                "host_affinity_rules": [],
                "placement_group_id": ""
              }
            ],
            "platform_id": "standard-v1",
            "resources": [
              {
                "core_fraction": 20,
                "cores": 2,
                "gpus": 0,
                "memory": 1
              }
            ],
            "scheduling_policy": [
              {
                "preemptible": true
              }
            ],
            "secondary_disk": [],
            "service_account_id": "",
            "status": "running",
            "timeouts": null,
            "zone": "ru-central1-b"
          },
          "sensitive_attributes": [],
          "private": "eyJlMmJmYjczMC1lY2FhLTExZTYtOGY4OC0zNDM2M2JjN2M0YzAiOnsiY3JlYXRlIjozMDAwMDAwMDAwMDAsImRlbGV0ZSI6MzAwMDAwMDAwMDAwLCJ1cGRhdGUiOjMwMDAwMDAwMDAwMH0sInNjaGVtYV92ZXJzaW9uIjoiMSJ9",
          "dependencies": [
            "module.ya_inst_2.data.yandex_compute_image.my_image",
            "yandex_vpc_network.testnet",
            "yandex_vpc_subnet.testsubnet2"
          ]
        }
      ]
    }
  ],
  "check_results": null
}
